
Microsoft Visual Studio Solution File, Format Version 12.00
# Visual Studio 2013
VisualStudioVersion = 12.0.30110.0
MinimumVisualStudioVersion = 10.0.40219.1
Project("{FAE04EC0-301F-11D3-BF4B-00C04F79EFBC}") = "RxTest", "RxTest\RxTest.csproj", "{55D7BB14-18E0-43BA-BA55-C36D9B6F96B4}"
EndProject
Project("{FAE04EC0-301F-11D3-BF4B-00C04F79EFBC}") = "RxTestConsole", "RxTestConsole\RxTestConsole.csproj", "{4FA30848-4E7C-4E70-9E60-A56E0B50ED80}"
EndProject
Project("{FAE04EC0-301F-11D3-BF4B-00C04F79EFBC}") = "RxFile", "RxFile\RxFile.csproj", "{0194A10B-BC5F-48C0-83F0-3BD8D268D1D3}"
EndProject
Project("{2150E333-8FDC-42A3-9474-1A3956D46DE8}") = ".nuget", ".nuget", "{C99FDD3E-6521-4D71-8D90-119C4AB004E9}"
	ProjectSection(SolutionItems) = preProject
		.nuget\NuGet.Config = .nuget\NuGet.Config
		.nuget\NuGet.exe = .nuget\NuGet.exe
		.nuget\NuGet.targets = .nuget\NuGet.targets
	EndProjectSection
EndProject
Project("{FAE04EC0-301F-11D3-BF4B-00C04F79EFBC}") = "RxFundamentals", "RxFundamentals\RxFundamentals.csproj", "{4E5D0E6E-AF05-4BEC-9EE9-07EF290AB23A}"
EndProject
Global
	GlobalSection(SolutionConfigurationPlatforms) = preSolution
		Debug|Any CPU = Debug|Any CPU
		Release|Any CPU = Release|Any CPU
	EndGlobalSection
	GlobalSection(ProjectConfigurationPlatforms) = postSolution
		{55D7BB14-18E0-43BA-BA55-C36D9B6F96B4}.Debug|Any CPU.ActiveCfg = Debug|Any CPU
		{55D7BB14-18E0-43BA-BA55-C36D9B6F96B4}.Debug|Any CPU.Build.0 = Debug|Any CPU
		{55D7BB14-18E0-43BA-BA55-C36D9B6F96B4}.Release|Any CPU.ActiveCfg = Release|Any CPU
		{55D7BB14-18E0-43BA-BA55-C36D9B6F96B4}.Release|Any CPU.Build.0 = Release|Any CPU
		{4FA30848-4E7C-4E70-9E60-A56E0B50ED80}.Debug|Any CPU.ActiveCfg = Debug|Any CPU
		{4FA30848-4E7C-4E70-9E60-A56E0B50ED80}.Debug|Any CPU.Build.0 = Debug|Any CPU
		{4FA30848-4E7C-4E70-9E60-A56E0B50ED80}.Release|Any CPU.ActiveCfg = Release|Any CPU
		{4FA30848-4E7C-4E70-9E60-A56E0B50ED80}.Release|Any CPU.Build.0 = Release|Any CPU
		{0194A10B-BC5F-48C0-83F0-3BD8D268D1D3}.Debug|Any CPU.ActiveCfg = Debug|Any CPU
		{0194A10B-BC5F-48C0-83F0-3BD8D268D1D3}.Debug|Any CPU.Build.0 = Debug|Any CPU
		{0194A10B-BC5F-48C0-83F0-3BD8D268D1D3}.Release|Any CPU.ActiveCfg = Release|Any CPU
		{0194A10B-BC5F-48C0-83F0-3BD8D268D1D3}.Release|Any CPU.Build.0 = Release|Any CPU
		{4E5D0E6E-AF05-4BEC-9EE9-07EF290AB23A}.Debug|Any CPU.ActiveCfg = Debug|Any CPU
		{4E5D0E6E-AF05-4BEC-9EE9-07EF290AB23A}.Debug|Any CPU.Build.0 = Debug|Any CPU
		{4E5D0E6E-AF05-4BEC-9EE9-07EF290AB23A}.Release|Any CPU.ActiveCfg = Release|Any CPU
		{4E5D0E6E-AF05-4BEC-9EE9-07EF290AB23A}.Release|Any CPU.Build.0 = Release|Any CPU
	EndGlobalSection
	GlobalSection(SolutionProperties) = preSolution
		HideSolutionNode = FALSE
	EndGlobalSection
EndGlobal
